<?xml version="1.0" encoding="UTF-8" standalone="yes" ?>
<CodeBlocks_project_file>
	<FileVersion major="1" minor="6" />
	<Project>
		<Option title="unnamedCGproject" />
		<Option pch_mode="2" />
		<Option compiler="gcc-mingw32" />
		<Build>
			<Target title="Debug">
				<Option output="bin/Debug/unnamedCGproject" prefix_auto="1" extension_auto="1" />
				<Option object_output="obj/Debug/" />
				<Option type="1" />
				<Option compiler="gcc-mingw32" />
				<Compiler>
					<Add directory="C:/MinGW/include/GL" />
					<Add directory="C:/MinGW/include" />
					<Add directory="C:/MinGW/lib" />
				</Compiler>
				<Linker>
					<Add library="opengl32" />
					<Add library="glu32" />
					<Add library="freeglut" />
				</Linker>
			</Target>
		</Build>
		<Unit filename="collision.c">
			<Option compilerVar="CC" />
		</Unit>
		<Unit filename="collision.h" />
		<Unit filename="fileManager.c">
			<Option compilerVar="CC" />
		</Unit>
		<Unit filename="fileManager.h" />
		<Unit filename="libs/cgltf/cgltf.h" />
		<Unit filename="libs/cgltf/cgltf_write.h" />
		<Unit filename="lighting.c">
			<Option compilerVar="CC" />
		</Unit>
		<Unit filename="lighting.h" />
		<Unit filename="main.c">
			<Option compilerVar="CC" />
		</Unit>
		<Unit filename="object.c">
			<Option compilerVar="CC" />
		</Unit>
		<Unit filename="object.h" />
		<Unit filename="player.c">
			<Option compilerVar="CC" />
		</Unit>
		<Unit filename="player.h" />
		<Unit filename="skybox.c">
			<Option compilerVar="CC" />
		</Unit>
		<Unit filename="skybox.h" />
		<Unit filename="texture.c">
			<Option compilerVar="CC" />
		</Unit>
		<Unit filename="texture.h" />
		<Unit filename="utils.c">
			<Option compilerVar="CC" />
		</Unit>
		<Unit filename="utils.h">
			<Option target="&lt;{~None~}&gt;" />
		</Unit>
		<Extensions />
	</Project>
</CodeBlocks_project_file>
